
Microsoft Visual Studio Solution File, Format Version 12.00
# Visual Studio Version 16
VisualStudioVersion = 16.0.30709.64
MinimumVisualStudioVersion = 10.0.40219.1
Project("{9A19103F-16F7-4668-BE54-9A1E7A4F7556}") = "Oarw.Data.Tracking", "Data.Tracking\Oarw.Data.Tracking.csproj", "{533F7C3B-ECD4-4613-8E07-94247AB26485}"
EndProject
Project("{9A19103F-16F7-4668-BE54-9A1E7A4F7556}") = "Oarw.Data.Tracking.Blazor", "Data.Tracking.Blazor\Oarw.Data.Tracking.Blazor.csproj", "{73F819BB-082A-403A-A7C9-FE0D1C7E7159}"
EndProject
Project("{2150E333-8FDC-42A3-9474-1A3956D46DE8}") = "Tests", "Tests", "{29C3AD25-883B-4AF5-B3AF-D3AC8D3DAB92}"
EndProject
Project("{9A19103F-16F7-4668-BE54-9A1E7A4F7556}") = "Oarw.Data.Tracking.Test", "Tests\Data.Tracking.Test\Oarw.Data.Tracking.Test.csproj", "{1F037C00-78C5-4D55-8EC8-A99D39DE299C}"
EndProject
Project("{2150E333-8FDC-42A3-9474-1A3956D46DE8}") = "Solution Items", "Solution Items", "{0A2E80C3-18D0-4699-9903-DE3460DE203D}"
	ProjectSection(SolutionItems) = preProject
		Directory.Build.props = Directory.Build.props
	EndProjectSection
EndProject
Project("{2150E333-8FDC-42A3-9474-1A3956D46DE8}") = "Samples", "Samples", "{7EFB9D05-D7E3-4C54-885F-71093D46F2CC}"
EndProject
Project("{FAE04EC0-301F-11D3-BF4B-00C04F79EFBC}") = "Data.Tracking.Blazor.Demo", "Data.Tracking.Blazor.Demo\Data.Tracking.Blazor.Demo.csproj", "{A928E0E9-37AB-4748-B83D-2E5BBD559759}"
EndProject
Global
	GlobalSection(SolutionConfigurationPlatforms) = preSolution
		Debug|Any CPU = Debug|Any CPU
		Release|Any CPU = Release|Any CPU
	EndGlobalSection
	GlobalSection(ProjectConfigurationPlatforms) = postSolution
		{533F7C3B-ECD4-4613-8E07-94247AB26485}.Debug|Any CPU.ActiveCfg = Debug|Any CPU
		{533F7C3B-ECD4-4613-8E07-94247AB26485}.Debug|Any CPU.Build.0 = Debug|Any CPU
		{533F7C3B-ECD4-4613-8E07-94247AB26485}.Release|Any CPU.ActiveCfg = Release|Any CPU
		{533F7C3B-ECD4-4613-8E07-94247AB26485}.Release|Any CPU.Build.0 = Release|Any CPU
		{73F819BB-082A-403A-A7C9-FE0D1C7E7159}.Debug|Any CPU.ActiveCfg = Debug|Any CPU
		{73F819BB-082A-403A-A7C9-FE0D1C7E7159}.Debug|Any CPU.Build.0 = Debug|Any CPU
		{73F819BB-082A-403A-A7C9-FE0D1C7E7159}.Release|Any CPU.ActiveCfg = Release|Any CPU
		{73F819BB-082A-403A-A7C9-FE0D1C7E7159}.Release|Any CPU.Build.0 = Release|Any CPU
		{1F037C00-78C5-4D55-8EC8-A99D39DE299C}.Debug|Any CPU.ActiveCfg = Debug|Any CPU
		{1F037C00-78C5-4D55-8EC8-A99D39DE299C}.Debug|Any CPU.Build.0 = Debug|Any CPU
		{1F037C00-78C5-4D55-8EC8-A99D39DE299C}.Release|Any CPU.ActiveCfg = Release|Any CPU
		{1F037C00-78C5-4D55-8EC8-A99D39DE299C}.Release|Any CPU.Build.0 = Release|Any CPU
		{A928E0E9-37AB-4748-B83D-2E5BBD559759}.Debug|Any CPU.ActiveCfg = Debug|Any CPU
		{A928E0E9-37AB-4748-B83D-2E5BBD559759}.Debug|Any CPU.Build.0 = Debug|Any CPU
		{A928E0E9-37AB-4748-B83D-2E5BBD559759}.Release|Any CPU.ActiveCfg = Release|Any CPU
		{A928E0E9-37AB-4748-B83D-2E5BBD559759}.Release|Any CPU.Build.0 = Release|Any CPU
	EndGlobalSection
	GlobalSection(SolutionProperties) = preSolution
		HideSolutionNode = FALSE
	EndGlobalSection
	GlobalSection(NestedProjects) = preSolution
		{1F037C00-78C5-4D55-8EC8-A99D39DE299C} = {29C3AD25-883B-4AF5-B3AF-D3AC8D3DAB92}
		{A928E0E9-37AB-4748-B83D-2E5BBD559759} = {7EFB9D05-D7E3-4C54-885F-71093D46F2CC}
	EndGlobalSection
	GlobalSection(ExtensibilityGlobals) = postSolution
		SolutionGuid = {F990A9AD-B523-41CE-A8FC-9C4651E11B7F}
	EndGlobalSection
EndGlobal
